{
  "name": "pdfbuild",
  "version": "1.0.0",
  "lockfileVersion": 3,
  "requires": true,
  "packages": {
    "": {
      "name": "pdfbuild",
      "version": "1.0.0",
      "license": "ISC",
      "dependencies": {
        "@fontsource/cinzel": "^5.3.0",
        "@fontsource/cormorant-garamond": "^5.3.0",
        "@fontsource/eb-garamond": "^5.3.0",
        "@fontsource/josefin-sans": "^5.3.0",
        "playwright-core": "^1.63.0"
      }
    },
    "node_modules/@fontsource/cinzel": {
      "version": "5.3.0",
      "resolved": "https://registry.npmjs.org/@fontsource/cinzel/-/cinzel-5.3.0.tgz",
      "integrity": "sha512-KEOYTsrRppW0uRIPWBDPrQgunCS6f8u4nzZxYRBfo9SCknKojLYjK7B0ZoVmJhyVLefz271ZQRF9EOpHZlfhRw==",
      "license": "OFL-1.1",
      "funding": {
        "url": "https://github.com/sponsors/ayuhito"
      }
    },
    "node_modules/@fontsource/cormorant-garamond": {
      "version": "5.3.0",
      "resolved": "https://registry.npmjs.org/@fontsource/cormorant-garamond/-/cormorant-garamond-5.3.0.tgz",
      "integrity": "sha512-weuGsCirGVWBWqpt6YUp0yLThTe4G8YO45noq8wxeJCRvEpq5lFrxNMFSTxcyOyV5k5otzJ8guDzYegdYlcLMQ==",
      "license": "OFL-1.1",
      "funding": {
        "url": "https://github.com/sponsors/ayuhito"
      }
    },
    "node_modules/@fontsource/eb-garamond": {
      "version": "5.3.0",
      "resolved": "https://registry.npmjs.org/@fontsource/eb-garamond/-/eb-garamond-5.3.0.tgz",
      "integrity": "sha512-VplwHpB8FLuzl+4G5LDci1b3Z4SghiuXH8XEgaxjnOb5aue5mEt1njmDKeO6iyLeGa73LffU7PC7hzncLRx0ZA==",
      "license": "OFL-1.1",
      "funding": {
        "url": "https://github.com/sponsors/ayuhito"
      }
    },
    "node_modules/@fontsource/josefin-sans": {
      "version": "5.3.0",
      "resolved": "https://registry.npmjs.org/@fontsource/josefin-sans/-/josefin-sans-5.3.0.tgz",
      "integrity": "sha512-N2xY1l8gBCNrlRa0tMnjUtbSJb/rqWmPLgLSMq6H+EY2/uerAHtbyoHsQQKwhMA8hJat7S+OSk6saxGMceKKvA==",
      "license": "OFL-1.1",
      "funding": {
        "url": "https://github.com/sponsors/ayuhito"
      }
    },
    "node_modules/playwright-core": {
      "version": "1.63.0",
      "resolved": "https://registry.npmjs.org/playwright-core/-/playwright-core-1.63.0.tgz",
      "integrity": "sha512-rYCsBF/M5HjUch52bbtVONEFjv6Xu8sm8h72dNlR5bzIE1fvC/bxgspzkjSfU+MweEMmPM8KJebG6nnyxo5mCg==",
      "license": "Apache-2.0",
      "bin": {
        "playwright-core": "cli.js"
      },
      "engines": {
        "node": ">=20"
      }
    }
  }
}
